Microsoft Visual Studio Solution File, Format Version 12.00
# Visual Studio Version 17
VisualStudioVersion = 17.5.2.0
MinimumVisualStudioVersion = 10.0.40219.1
Project("{FAE04EC0-301F-11D3-BF4B-00C04F79EFBC}") = "MeinProjekt", "MeinProjekt.csproj", "{A5B8CB80-FAC2-03DE-00DD-DDB559D60333}"
EndProject
Global
	GlobalSection(SolutionConfigurationPlatforms) = preSolution
		Debug|Any CPU = Debug|Any CPU
		Release|Any CPU = Release|Any CPU
	EndGlobalSection
	GlobalSection(ProjectConfigurationPlatforms) = postSolution
		{A5B8CB80-FAC2-03DE-00DD-DDB559D60333}.Debug|Any CPU.ActiveCfg = Debug|Any CPU
		{A5B8CB80-FAC2-03DE-00DD-DDB559D60333}.Debug|Any CPU.Build.0 = Debug|Any CPU
		{A5B8CB80-FAC2-03DE-00DD-DDB559D60333}.Release|Any CPU.ActiveCfg = Release|Any CPU
		{A5B8CB80-FAC2-03DE-00DD-DDB559D60333}.Release|Any CPU.Build.0 = Release|Any CPU
	EndGlobalSection
	GlobalSection(SolutionProperties) = preSolution
		HideSolutionNode = FALSE
	EndGlobalSection
	GlobalSection(ExtensibilityGlobals) = postSolution
		SolutionGuid = {C3714CEE-3E39-4C4B-847A-BB97C6FF7B55}
	EndGlobalSection
EndGlobal
